
Microsoft Visual Studio Solution File, Format Version 12.00
# Visual Studio 15
VisualStudioVersion = 15.0.28010.2041
MinimumVisualStudioVersion = 10.0.40219.1
Project("{FAE04EC0-301F-11D3-BF4B-00C04F79EFBC}") = "Ch01_MyFirstApp", "Ch01_MyFirstApp\Ch01_MyFirstApp.csproj", "{289E10E9-5306-4DF7-99A9-B6E43F1D9F89}"
EndProject
Global
	GlobalSection(SolutionConfigurationPlatforms) = preSolution
		Debug|Any CPU = Debug|Any CPU
		Release|Any CPU = Release|Any CPU
	EndGlobalSection
	GlobalSection(ProjectConfigurationPlatforms) = postSolution
		{289E10E9-5306-4DF7-99A9-B6E43F1D9F89}.Debug|Any CPU.ActiveCfg = Debug|Any CPU
		{289E10E9-5306-4DF7-99A9-B6E43F1D9F89}.Debug|Any CPU.Build.0 = Debug|Any CPU
		{289E10E9-5306-4DF7-99A9-B6E43F1D9F89}.Release|Any CPU.ActiveCfg = Release|Any CPU
		{289E10E9-5306-4DF7-99A9-B6E43F1D9F89}.Release|Any CPU.Build.0 = Release|Any CPU
	EndGlobalSection
	GlobalSection(SolutionProperties) = preSolution
		HideSolutionNode = FALSE
	EndGlobalSection
	GlobalSection(ExtensibilityGlobals) = postSolution
		SolutionGuid = {770C7E16-0AA1-490F-BF36-F3949AD30483}
	EndGlobalSection
EndGlobal
